
Microsoft Visual Studio Solution File, Format Version 12.00
# Visual Studio Version 16
VisualStudioVersion = 16.0.29123.88
MinimumVisualStudioVersion = 10.0.40219.1
Project("{FAE04EC0-301F-11D3-BF4B-00C04F79EFBC}") = "Launcher", "Launcher v2\Launcher.csproj", "{B74E44EA-E4F0-42D2-BFC9-50F3367939E3}"
EndProject
Global
	GlobalSection(SolutionConfigurationPlatforms) = preSolution
		Debug|Any CPU = Debug|Any CPU
		Debug|x64 = Debug|x64
		Debug|x86 = Debug|x86
		Release|Any CPU = Release|Any CPU
		Release|x64 = Release|x64
		Release|x86 = Release|x86
	EndGlobalSection
	GlobalSection(ProjectConfigurationPlatforms) = postSolution
		{B74E44EA-E4F0-42D2-BFC9-50F3367939E3}.Debug|Any CPU.ActiveCfg = Debug|Any CPU
		{B74E44EA-E4F0-42D2-BFC9-50F3367939E3}.Debug|Any CPU.Build.0 = Debug|Any CPU
		{B74E44EA-E4F0-42D2-BFC9-50F3367939E3}.Debug|x64.ActiveCfg = Debug|Any CPU
		{B74E44EA-E4F0-42D2-BFC9-50F3367939E3}.Debug|x64.Build.0 = Debug|Any CPU
		{B74E44EA-E4F0-42D2-BFC9-50F3367939E3}.Debug|x86.ActiveCfg = Debug|Any CPU
		{B74E44EA-E4F0-42D2-BFC9-50F3367939E3}.Debug|x86.Build.0 = Debug|Any CPU
		{B74E44EA-E4F0-42D2-BFC9-50F3367939E3}.Release|Any CPU.ActiveCfg = Release|Any CPU
		{B74E44EA-E4F0-42D2-BFC9-50F3367939E3}.Release|Any CPU.Build.0 = Release|Any CPU
		{B74E44EA-E4F0-42D2-BFC9-50F3367939E3}.Release|x64.ActiveCfg = Release|Any CPU
		{B74E44EA-E4F0-42D2-BFC9-50F3367939E3}.Release|x64.Build.0 = Release|Any CPU
		{B74E44EA-E4F0-42D2-BFC9-50F3367939E3}.Release|x86.ActiveCfg = Release|Any CPU
		{B74E44EA-E4F0-42D2-BFC9-50F3367939E3}.Release|x86.Build.0 = Release|Any CPU
	EndGlobalSection
	GlobalSection(SolutionProperties) = preSolution
		HideSolutionNode = FALSE
	EndGlobalSection
	GlobalSection(ExtensibilityGlobals) = postSolution
		SolutionGuid = {6BBE478A-646D-477E-9352-A74AA93A5B2D}
	EndGlobalSection
EndGlobal
